
Microsoft Visual Studio Solution File, Format Version 12.00
# Visual Studio Version 16
VisualStudioVersion = 16.0.31515.178
MinimumVisualStudioVersion = 10.0.40219.1
Project("{8BC9CEB8-8B4A-11D0-8D11-00A0C91BC942}") = "factors of a number", "factors of a number.vcxproj", "{DCB9925B-FA0A-4A0A-AFD3-87532D0916A5}"
EndProject
Global
	GlobalSection(SolutionConfigurationPlatforms) = preSolution
		Debug|x64 = Debug|x64
		Debug|x86 = Debug|x86
		Release|x64 = Release|x64
		Release|x86 = Release|x86
	EndGlobalSection
	GlobalSection(ProjectConfigurationPlatforms) = postSolution
		{DCB9925B-FA0A-4A0A-AFD3-87532D0916A5}.Debug|x64.ActiveCfg = Debug|x64
		{DCB9925B-FA0A-4A0A-AFD3-87532D0916A5}.Debug|x64.Build.0 = Debug|x64
		{DCB9925B-FA0A-4A0A-AFD3-87532D0916A5}.Debug|x86.ActiveCfg = Debug|Win32
		{DCB9925B-FA0A-4A0A-AFD3-87532D0916A5}.Debug|x86.Build.0 = Debug|Win32
		{DCB9925B-FA0A-4A0A-AFD3-87532D0916A5}.Release|x64.ActiveCfg = Release|x64
		{DCB9925B-FA0A-4A0A-AFD3-87532D0916A5}.Release|x64.Build.0 = Release|x64
		{DCB9925B-FA0A-4A0A-AFD3-87532D0916A5}.Release|x86.ActiveCfg = Release|Win32
		{DCB9925B-FA0A-4A0A-AFD3-87532D0916A5}.Release|x86.Build.0 = Release|Win32
	EndGlobalSection
	GlobalSection(SolutionProperties) = preSolution
		HideSolutionNode = FALSE
	EndGlobalSection
	GlobalSection(ExtensibilityGlobals) = postSolution
		SolutionGuid = {43063DE4-53E4-40FA-8ED4-AFFDF343207F}
	EndGlobalSection
EndGlobal
