
Microsoft Visual Studio Solution File, Format Version 12.00
# Visual Studio Version 16
VisualStudioVersion = 16.0.31515.178
MinimumVisualStudioVersion = 10.0.40219.1
Project("{8BC9CEB8-8B4A-11D0-8D11-00A0C91BC942}") = "MAX.OF THREENUMBERS", "MAX.OF THREENUMBERS.vcxproj", "{DC187F6C-D553-42B7-A7B6-EBD867E9A960}"
EndProject
Global
	GlobalSection(SolutionConfigurationPlatforms) = preSolution
		Debug|x64 = Debug|x64
		Debug|x86 = Debug|x86
		Release|x64 = Release|x64
		Release|x86 = Release|x86
	EndGlobalSection
	GlobalSection(ProjectConfigurationPlatforms) = postSolution
		{DC187F6C-D553-42B7-A7B6-EBD867E9A960}.Debug|x64.ActiveCfg = Debug|x64
		{DC187F6C-D553-42B7-A7B6-EBD867E9A960}.Debug|x64.Build.0 = Debug|x64
		{DC187F6C-D553-42B7-A7B6-EBD867E9A960}.Debug|x86.ActiveCfg = Debug|Win32
		{DC187F6C-D553-42B7-A7B6-EBD867E9A960}.Debug|x86.Build.0 = Debug|Win32
		{DC187F6C-D553-42B7-A7B6-EBD867E9A960}.Release|x64.ActiveCfg = Release|x64
		{DC187F6C-D553-42B7-A7B6-EBD867E9A960}.Release|x64.Build.0 = Release|x64
		{DC187F6C-D553-42B7-A7B6-EBD867E9A960}.Release|x86.ActiveCfg = Release|Win32
		{DC187F6C-D553-42B7-A7B6-EBD867E9A960}.Release|x86.Build.0 = Release|Win32
	EndGlobalSection
	GlobalSection(SolutionProperties) = preSolution
		HideSolutionNode = FALSE
	EndGlobalSection
	GlobalSection(ExtensibilityGlobals) = postSolution
		SolutionGuid = {AC209685-7998-4884-8783-FB76F8B192A7}
	EndGlobalSection
EndGlobal
