
Microsoft Visual Studio Solution File, Format Version 12.00
# Visual Studio Version 16
VisualStudioVersion = 16.0.31515.178
MinimumVisualStudioVersion = 10.0.40219.1
Project("{8BC9CEB8-8B4A-11D0-8D11-00A0C91BC942}") = "displaying a numbeara", "displaying a numbeara.vcxproj", "{4DC3EF13-E1AF-40CD-A264-7D16CDF1D36A}"
EndProject
Global
	GlobalSection(SolutionConfigurationPlatforms) = preSolution
		Debug|x64 = Debug|x64
		Debug|x86 = Debug|x86
		Release|x64 = Release|x64
		Release|x86 = Release|x86
	EndGlobalSection
	GlobalSection(ProjectConfigurationPlatforms) = postSolution
		{4DC3EF13-E1AF-40CD-A264-7D16CDF1D36A}.Debug|x64.ActiveCfg = Debug|x64
		{4DC3EF13-E1AF-40CD-A264-7D16CDF1D36A}.Debug|x64.Build.0 = Debug|x64
		{4DC3EF13-E1AF-40CD-A264-7D16CDF1D36A}.Debug|x86.ActiveCfg = Debug|Win32
		{4DC3EF13-E1AF-40CD-A264-7D16CDF1D36A}.Debug|x86.Build.0 = Debug|Win32
		{4DC3EF13-E1AF-40CD-A264-7D16CDF1D36A}.Release|x64.ActiveCfg = Release|x64
		{4DC3EF13-E1AF-40CD-A264-7D16CDF1D36A}.Release|x64.Build.0 = Release|x64
		{4DC3EF13-E1AF-40CD-A264-7D16CDF1D36A}.Release|x86.ActiveCfg = Release|Win32
		{4DC3EF13-E1AF-40CD-A264-7D16CDF1D36A}.Release|x86.Build.0 = Release|Win32
	EndGlobalSection
	GlobalSection(SolutionProperties) = preSolution
		HideSolutionNode = FALSE
	EndGlobalSection
	GlobalSection(ExtensibilityGlobals) = postSolution
		SolutionGuid = {C391AFD3-2AE4-4E6B-AC5C-54300CFC5EF6}
	EndGlobalSection
EndGlobal
