
Microsoft Visual Studio Solution File, Format Version 12.00
# Visual Studio Version 16
VisualStudioVersion = 16.0.31515.178
MinimumVisualStudioVersion = 10.0.40219.1
Project("{8BC9CEB8-8B4A-11D0-8D11-00A0C91BC942}") = "maxof2numbers", "maxof2numbers.vcxproj", "{1D392900-E45B-426C-B635-E794A41738CB}"
EndProject
Global
	GlobalSection(SolutionConfigurationPlatforms) = preSolution
		Debug|x64 = Debug|x64
		Debug|x86 = Debug|x86
		Release|x64 = Release|x64
		Release|x86 = Release|x86
	EndGlobalSection
	GlobalSection(ProjectConfigurationPlatforms) = postSolution
		{1D392900-E45B-426C-B635-E794A41738CB}.Debug|x64.ActiveCfg = Debug|x64
		{1D392900-E45B-426C-B635-E794A41738CB}.Debug|x64.Build.0 = Debug|x64
		{1D392900-E45B-426C-B635-E794A41738CB}.Debug|x86.ActiveCfg = Debug|Win32
		{1D392900-E45B-426C-B635-E794A41738CB}.Debug|x86.Build.0 = Debug|Win32
		{1D392900-E45B-426C-B635-E794A41738CB}.Release|x64.ActiveCfg = Release|x64
		{1D392900-E45B-426C-B635-E794A41738CB}.Release|x64.Build.0 = Release|x64
		{1D392900-E45B-426C-B635-E794A41738CB}.Release|x86.ActiveCfg = Release|Win32
		{1D392900-E45B-426C-B635-E794A41738CB}.Release|x86.Build.0 = Release|Win32
	EndGlobalSection
	GlobalSection(SolutionProperties) = preSolution
		HideSolutionNode = FALSE
	EndGlobalSection
	GlobalSection(ExtensibilityGlobals) = postSolution
		SolutionGuid = {155147EB-AE5E-4C2B-95F5-8AF0BF9485E1}
	EndGlobalSection
EndGlobal
