
Microsoft Visual Studio Solution File, Format Version 12.00
# Visual Studio Version 16
VisualStudioVersion = 16.0.31515.178
MinimumVisualStudioVersion = 10.0.40219.1
Project("{8BC9CEB8-8B4A-11D0-8D11-00A0C91BC942}") = "hackerrank reverse array with input", "hackerrank reverse array with input.vcxproj", "{827208A7-3E65-4CB1-83FD-99E5674E8173}"
EndProject
Global
	GlobalSection(SolutionConfigurationPlatforms) = preSolution
		Debug|x64 = Debug|x64
		Debug|x86 = Debug|x86
		Release|x64 = Release|x64
		Release|x86 = Release|x86
	EndGlobalSection
	GlobalSection(ProjectConfigurationPlatforms) = postSolution
		{827208A7-3E65-4CB1-83FD-99E5674E8173}.Debug|x64.ActiveCfg = Debug|x64
		{827208A7-3E65-4CB1-83FD-99E5674E8173}.Debug|x64.Build.0 = Debug|x64
		{827208A7-3E65-4CB1-83FD-99E5674E8173}.Debug|x86.ActiveCfg = Debug|Win32
		{827208A7-3E65-4CB1-83FD-99E5674E8173}.Debug|x86.Build.0 = Debug|Win32
		{827208A7-3E65-4CB1-83FD-99E5674E8173}.Release|x64.ActiveCfg = Release|x64
		{827208A7-3E65-4CB1-83FD-99E5674E8173}.Release|x64.Build.0 = Release|x64
		{827208A7-3E65-4CB1-83FD-99E5674E8173}.Release|x86.ActiveCfg = Release|Win32
		{827208A7-3E65-4CB1-83FD-99E5674E8173}.Release|x86.Build.0 = Release|Win32
	EndGlobalSection
	GlobalSection(SolutionProperties) = preSolution
		HideSolutionNode = FALSE
	EndGlobalSection
	GlobalSection(ExtensibilityGlobals) = postSolution
		SolutionGuid = {9A7A8EF9-6D0A-4452-82AF-B210F835D689}
	EndGlobalSection
EndGlobal
